# THIS IS AN AUTOGENERATED FILE. DO NOT EDIT THIS FILE DIRECTLY.
# yarn lockfile v1


lucide-react@^0.474.0:
  version "0.474.0"
  resolved "https://registry.yarnpkg.com/lucide-react/-/lucide-react-0.474.0.tgz#9fcaa96250fa2de0b3e2803d4ad744eaea572247"
  integrity sha512-CmghgHkh0OJNmxGKWc0qfPJCYHASPMVSyGY8fj3xgk4v84ItqDg64JNKFZn5hC6E0vHi6gxnbCgwhyVB09wQtA==
